
Microsoft Visual Studio Solution File, Format Version 12.00
# Visual Studio Version 17
VisualStudioVersion = 17.0.31919.166
MinimumVisualStudioVersion = 10.0.40219.1
Project("{FAE04EC0-301F-11D3-BF4B-00C04F79EFBC}") = "ShopNow", "ShopNow\ShopNow.csproj", "{14BFFE99-9892-430B-8B83-77528A2A179F}"
EndProject
Project("{FAE04EC0-301F-11D3-BF4B-00C04F79EFBC}") = "ShopNow.Tests", "ShopNow.Tests\ShopNow.Tests.csproj", "{041C1C48-993E-4269-B53A-FBF2AC453BC9}"
EndProject
Global
	GlobalSection(SolutionConfigurationPlatforms) = preSolution
		Debug|Any CPU = Debug|Any CPU
		Release|Any CPU = Release|Any CPU
	EndGlobalSection
	GlobalSection(ProjectConfigurationPlatforms) = postSolution
		{14BFFE99-9892-430B-8B83-77528A2A179F}.Debug|Any CPU.ActiveCfg = Debug|Any CPU
		{14BFFE99-9892-430B-8B83-77528A2A179F}.Debug|Any CPU.Build.0 = Debug|Any CPU
		{14BFFE99-9892-430B-8B83-77528A2A179F}.Release|Any CPU.ActiveCfg = Release|Any CPU
		{14BFFE99-9892-430B-8B83-77528A2A179F}.Release|Any CPU.Build.0 = Release|Any CPU
		{041C1C48-993E-4269-B53A-FBF2AC453BC9}.Debug|Any CPU.ActiveCfg = Debug|Any CPU
		{041C1C48-993E-4269-B53A-FBF2AC453BC9}.Debug|Any CPU.Build.0 = Debug|Any CPU
		{041C1C48-993E-4269-B53A-FBF2AC453BC9}.Release|Any CPU.ActiveCfg = Release|Any CPU
		{041C1C48-993E-4269-B53A-FBF2AC453BC9}.Release|Any CPU.Build.0 = Release|Any CPU
	EndGlobalSection
	GlobalSection(SolutionProperties) = preSolution
		HideSolutionNode = FALSE
	EndGlobalSection
	GlobalSection(ExtensibilityGlobals) = postSolution
		SolutionGuid = {BEA42384-159B-4E0B-A378-18952C21FE85}
	EndGlobalSection
EndGlobal
